
Microsoft Visual Studio Solution File, Format Version 12.00
# Visual Studio Version 16
VisualStudioVersion = 16.0.32106.194
MinimumVisualStudioVersion = 10.0.40219.1
Project("{8BC9CEB8-8B4A-11D0-8D11-00A0C91BC942}") = "1.21", "1.21\1.21.vcxproj", "{EC6CC169-7D3F-4049-AE9F-F0E52E6B7615}"
EndProject
Global
	GlobalSection(SolutionConfigurationPlatforms) = preSolution
		Debug|x64 = Debug|x64
		Debug|x86 = Debug|x86
		Release|x64 = Release|x64
		Release|x86 = Release|x86
	EndGlobalSection
	GlobalSection(ProjectConfigurationPlatforms) = postSolution
		{EC6CC169-7D3F-4049-AE9F-F0E52E6B7615}.Debug|x64.ActiveCfg = Debug|x64
		{EC6CC169-7D3F-4049-AE9F-F0E52E6B7615}.Debug|x64.Build.0 = Debug|x64
		{EC6CC169-7D3F-4049-AE9F-F0E52E6B7615}.Debug|x86.ActiveCfg = Debug|Win32
		{EC6CC169-7D3F-4049-AE9F-F0E52E6B7615}.Debug|x86.Build.0 = Debug|Win32
		{EC6CC169-7D3F-4049-AE9F-F0E52E6B7615}.Release|x64.ActiveCfg = Release|x64
		{EC6CC169-7D3F-4049-AE9F-F0E52E6B7615}.Release|x64.Build.0 = Release|x64
		{EC6CC169-7D3F-4049-AE9F-F0E52E6B7615}.Release|x86.ActiveCfg = Release|Win32
		{EC6CC169-7D3F-4049-AE9F-F0E52E6B7615}.Release|x86.Build.0 = Release|Win32
	EndGlobalSection
	GlobalSection(SolutionProperties) = preSolution
		HideSolutionNode = FALSE
	EndGlobalSection
	GlobalSection(ExtensibilityGlobals) = postSolution
		SolutionGuid = {1B6FF0BE-AC52-4452-B122-0C0837DBABA1}
	EndGlobalSection
EndGlobal
